PODS:
  - Charts (3.0.5):
    - Charts/Core (= 3.0.5)
  - Charts/Core (3.0.5)
  - PKHUD (5.0.0)
  - ScrollableGraphView (4.0.4)
  - TagListView (1.3.0)

DEPENDENCIES:
  - Charts
  - PKHUD
  - ScrollableGraphView
  - TagListView (~> 1.0)

SPEC REPOS:
  https://github.com/CocoaPods/Specs.git:
    - Charts
    - PKHUD
    - ScrollableGraphView
    - TagListView

SPEC CHECKSUMS:
  Charts: 45cdc985b764c838b35ee47eb1365d15735f6d1a
  PKHUD: 3c001512c6e002091184197a8de7a20420786e3b
  ScrollableGraphView: 072ea302f4ca27779692656a49d51fe537b2b1e7
  TagListView: 669f7d4455003c877655875d34829731c4191528

PODFILE CHECKSUM: c027d5e38b773552a19bcf22f7b89c600994aaf7

COCOAPODS: 1.5.0
