// !$*UTF8*$!
{
	archiveVersion = 1;
	classes = {
	};
	objectVersion = 48;
	objects = {

/* Begin PBXBuildFile section */
		35DEE244D8AACF479305AB1A /* Pods_EDA_Aware.framework in Frameworks */ = {isa = PBXBuildFile; fileRef = EBB706B2F6206394CA26F11A /* Pods_EDA_Aware.framework */; };
		B678B2922096ACFD0066BF96 /* MainTabBar.swift in Sources */ = {isa = PBXBuildFile; fileRef = B678B2912096ACFD0066BF96 /* MainTabBar.swift */; };
		B678B2942096B74D0066BF96 /* Circle.swift in Sources */ = {isa = PBXBuildFile; fileRef = B678B2932096B74D0066BF96 /* Circle.swift */; };
		B678B2962096BD260066BF96 /* Constants.swift in Sources */ = {isa = PBXBuildFile; fileRef = B678B2952096BD260066BF96 /* Constants.swift */; };
		B678B2982096C3570066BF96 /* AwareTabBarController.swift in Sources */ = {isa = PBXBuildFile; fileRef = B678B2972096C3570066BF96 /* AwareTabBarController.swift */; };
		B6CAFD002060C73C0085939C /* AppDelegate.swift in Sources */ = {isa = PBXBuildFile; fileRef = B6CAFCFF2060C73C0085939C /* AppDelegate.swift */; };
		B6CAFD022060C73C0085939C /* Activity.swift in Sources */ = {isa = PBXBuildFile; fileRef = B6CAFD012060C73C0085939C /* Activity.swift */; };
		B6CAFD052060C73C0085939C /* Main.storyboard in Resources */ = {isa = PBXBuildFile; fileRef = B6CAFD032060C73C0085939C /* Main.storyboard */; };
		B6CAFD072060C73C0085939C /* Assets.xcassets in Resources */ = {isa = PBXBuildFile; fileRef = B6CAFD062060C73C0085939C /* Assets.xcassets */; };
		B6CAFD0A2060C73C0085939C /* LaunchScreen.storyboard in Resources */ = {isa = PBXBuildFile; fileRef = B6CAFD082060C73C0085939C /* LaunchScreen.storyboard */; };
		B6CAFD132060C7870085939C /* EmpaLink-ios-0.7-full.framework in Frameworks */ = {isa = PBXBuildFile; fileRef = B6CAFD122060C7870085939C /* EmpaLink-ios-0.7-full.framework */; };
		B6EE6FCF2061CCBC0084553E /* Extensions.swift in Sources */ = {isa = PBXBuildFile; fileRef = B6EE6FCE2061CCBC0084553E /* Extensions.swift */; };
		B6F583EF208A23F0006E8C67 /* Help.swift in Sources */ = {isa = PBXBuildFile; fileRef = B6F583EE208A23F0006E8C67 /* Help.swift */; };
		B6F583F1208A2401006E8C67 /* Surveys.swift in Sources */ = {isa = PBXBuildFile; fileRef = B6F583F0208A2401006E8C67 /* Surveys.swift */; };
		B6F9DE72207E4FC70082FC4B /* FullGraphViewController.swift in Sources */ = {isa = PBXBuildFile; fileRef = B6F9DE71207E4FC70082FC4B /* FullGraphViewController.swift */; };
		B6F9DE74207E50660082FC4B /* Model.swift in Sources */ = {isa = PBXBuildFile; fileRef = B6F9DE73207E50660082FC4B /* Model.swift */; };
		B6F9DE78207E595D0082FC4B /* DrawerView.swift in Sources */ = {isa = PBXBuildFile; fileRef = B6F9DE76207E595D0082FC4B /* DrawerView.swift */; };
		B6F9DE79207E595D0082FC4B /* DrawerProtocol.swift in Sources */ = {isa = PBXBuildFile; fileRef = B6F9DE77207E595D0082FC4B /* DrawerProtocol.swift */; };
		B6F9DE7C207E5A100082FC4B /* DrawerCell.swift in Sources */ = {isa = PBXBuildFile; fileRef = B6F9DE7A207E5A100082FC4B /* DrawerCell.swift */; };
		B6F9DE7D207E5A100082FC4B /* DrawerCell.xib in Resources */ = {isa = PBXBuildFile; fileRef = B6F9DE7B207E5A100082FC4B /* DrawerCell.xib */; };
		B6F9DE7F207E62FB0082FC4B /* Journal.swift in Sources */ = {isa = PBXBuildFile; fileRef = B6F9DE7E207E62FB0082FC4B /* Journal.swift */; };
/* End PBXBuildFile section */

/* Begin PBXFileReference section */
		44F6303FDB3B9927EBF0B8ED /* Pods-EDA Aware.debug.xcconfig */ = {isa = PBXFileReference; includeInIndex = 1; lastKnownFileType = text.xcconfig; name = "Pods-EDA Aware.debug.xcconfig"; path = "Pods/Target Support Files/Pods-EDA Aware/Pods-EDA Aware.debug.xcconfig"; sourceTree = "<group>"; };
		6454A83C81D335BEB7CCD7A9 /* Pods-EDA Aware.release.xcconfig */ = {isa = PBXFileReference; includeInIndex = 1; lastKnownFileType = text.xcconfig; name = "Pods-EDA Aware.release.xcconfig"; path = "Pods/Target Support Files/Pods-EDA Aware/Pods-EDA Aware.release.xcconfig"; sourceTree = "<group>"; };
		B678B2912096ACFD0066BF96 /* MainTabBar.swift */ = {isa = PBXFileReference; lastKnownFileType = sourcecode.swift; path = MainTabBar.swift; sourceTree = "<group>"; };
		B678B2932096B74D0066BF96 /* Circle.swift */ = {isa = PBXFileReference; lastKnownFileType = sourcecode.swift; path = Circle.swift; sourceTree = "<group>"; };
		B678B2952096BD260066BF96 /* Constants.swift */ = {isa = PBXFileReference; lastKnownFileType = sourcecode.swift; path = Constants.swift; sourceTree = "<group>"; };
		B678B2972096C3570066BF96 /* AwareTabBarController.swift */ = {isa = PBXFileReference; lastKnownFileType = sourcecode.swift; path = AwareTabBarController.swift; sourceTree = "<group>"; };
		B6CAFCFC2060C73C0085939C /* EDA Aware.app */ = {isa = PBXFileReference; explicitFileType = wrapper.application; includeInIndex = 0; path = "EDA Aware.app"; sourceTree = BUILT_PRODUCTS_DIR; };
		B6CAFCFF2060C73C0085939C /* AppDelegate.swift */ = {isa = PBXFileReference; lastKnownFileType = sourcecode.swift; path = AppDelegate.swift; sourceTree = "<group>"; };
		B6CAFD012060C73C0085939C /* Activity.swift */ = {isa = PBXFileReference; lastKnownFileType = sourcecode.swift; path = Activity.swift; sourceTree = "<group>"; };
		B6CAFD042060C73C0085939C /* Base */ = {isa = PBXFileReference; lastKnownFileType = file.storyboard; name = Base; path = Base.lproj/Main.storyboard; sourceTree = "<group>"; };
		B6CAFD062060C73C0085939C /* Assets.xcassets */ = {isa = PBXFileReference; lastKnownFileType = folder.assetcatalog; path = Assets.xcassets; sourceTree = "<group>"; };
		B6CAFD092060C73C0085939C /* Base */ = {isa = PBXFileReference; lastKnownFileType = file.storyboard; name = Base; path = Base.lproj/LaunchScreen.storyboard; sourceTree = "<group>"; };
		B6CAFD0B2060C73C0085939C /* Info.plist */ = {isa = PBXFileReference; lastKnownFileType = text.plist.xml; path = Info.plist; sourceTree = "<group>"; };
		B6CAFD122060C7870085939C /* EmpaLink-ios-0.7-full.framework */ = {isa = PBXFileReference; lastKnownFileType = wrapper.framework; path = "EmpaLink-ios-0.7-full.framework"; sourceTree = "<group>"; };
		B6CAFD152060C9570085939C /* EDA Aware-Bridging-Header.h */ = {isa = PBXFileReference; lastKnownFileType = sourcecode.c.h; path = "EDA Aware-Bridging-Header.h"; sourceTree = "<group>"; };
		B6EE6FCE2061CCBC0084553E /* Extensions.swift */ = {isa = PBXFileReference; lastKnownFileType = sourcecode.swift; path = Extensions.swift; sourceTree = "<group>"; };
		B6F583EE208A23F0006E8C67 /* Help.swift */ = {isa = PBXFileReference; lastKnownFileType = sourcecode.swift; path = Help.swift; sourceTree = "<group>"; };
		B6F583F0208A2401006E8C67 /* Surveys.swift */ = {isa = PBXFileReference; lastKnownFileType = sourcecode.swift; path = Surveys.swift; sourceTree = "<group>"; };
		B6F9DE71207E4FC70082FC4B /* FullGraphViewController.swift */ = {isa = PBXFileReference; lastKnownFileType = sourcecode.swift; path = FullGraphViewController.swift; sourceTree = "<group>"; };
		B6F9DE73207E50660082FC4B /* Model.swift */ = {isa = PBXFileReference; lastKnownFileType = sourcecode.swift; path = Model.swift; sourceTree = "<group>"; };
		B6F9DE76207E595D0082FC4B /* DrawerView.swift */ = {isa = PBXFileReference; fileEncoding = 4; lastKnownFileType = sourcecode.swift; path = DrawerView.swift; sourceTree = "<group>"; };
		B6F9DE77207E595D0082FC4B /* DrawerProtocol.swift */ = {isa = PBXFileReference; fileEncoding = 4; lastKnownFileType = sourcecode.swift; path = DrawerProtocol.swift; sourceTree = "<group>"; };
		B6F9DE7A207E5A100082FC4B /* DrawerCell.swift */ = {isa = PBXFileReference; fileEncoding = 4; lastKnownFileType = sourcecode.swift; path = DrawerCell.swift; sourceTree = "<group>"; };
		B6F9DE7B207E5A100082FC4B /* DrawerCell.xib */ = {isa = PBXFileReference; fileEncoding = 4; lastKnownFileType = file.xib; path = DrawerCell.xib; sourceTree = "<group>"; };
		B6F9DE7E207E62FB0082FC4B /* Journal.swift */ = {isa = PBXFileReference; lastKnownFileType = sourcecode.swift; path = Journal.swift; sourceTree = "<group>"; };
		EBB706B2F6206394CA26F11A /* Pods_EDA_Aware.framework */ = {isa = PBXFileReference; explicitFileType = wrapper.framework; includeInIndex = 0; path = Pods_EDA_Aware.framework; sourceTree = BUILT_PRODUCTS_DIR; };
/* End PBXFileReference section */

/* Begin PBXFrameworksBuildPhase section */
		B6CAFCF92060C73C0085939C /* Frameworks */ = {
			isa = PBXFrameworksBuildPhase;
			buildActionMask = 2147483647;
			files = (
				B6CAFD132060C7870085939C /* EmpaLink-ios-0.7-full.framework in Frameworks */,
				35DEE244D8AACF479305AB1A /* Pods_EDA_Aware.framework in Frameworks */,
			);
			runOnlyForDeploymentPostprocessing = 0;
		};
/* End PBXFrameworksBuildPhase section */

/* Begin PBXGroup section */
		B678B28E2096A1E50066BF96 /* Components */ = {
			isa = PBXGroup;
			children = (
				B678B2912096ACFD0066BF96 /* MainTabBar.swift */,
				B678B2932096B74D0066BF96 /* Circle.swift */,
			);
			path = Components;
			sourceTree = "<group>";
		};
		B6B814092061EF120093066F /* Controllers */ = {
			isa = PBXGroup;
			children = (
				B6CAFD012060C73C0085939C /* Activity.swift */,
				B6F9DE7E207E62FB0082FC4B /* Journal.swift */,
				B6F9DE71207E4FC70082FC4B /* FullGraphViewController.swift */,
				B6F583EE208A23F0006E8C67 /* Help.swift */,
				B6F583F0208A2401006E8C67 /* Surveys.swift */,
				B678B2972096C3570066BF96 /* AwareTabBarController.swift */,
			);
			path = Controllers;
			sourceTree = "<group>";
		};
		B6CAFCF32060C73C0085939C = {
			isa = PBXGroup;
			children = (
				B6CAFD112060C7750085939C /* Frameworks */,
				B6CAFCFE2060C73C0085939C /* EDA Aware */,
				B6CAFCFD2060C73C0085939C /* Products */,
				FA980DF791C40F33CA950552 /* Pods */,
			);
			sourceTree = "<group>";
		};
		B6CAFCFD2060C73C0085939C /* Products */ = {
			isa = PBXGroup;
			children = (
				B6CAFCFC2060C73C0085939C /* EDA Aware.app */,
			);
			name = Products;
			sourceTree = "<group>";
		};
		B6CAFCFE2060C73C0085939C /* EDA Aware */ = {
			isa = PBXGroup;
			children = (
				B678B28E2096A1E50066BF96 /* Components */,
				B6F9DE75207E59480082FC4B /* Drawer */,
				B6CAFD152060C9570085939C /* EDA Aware-Bridging-Header.h */,
				B6CAFCFF2060C73C0085939C /* AppDelegate.swift */,
				B6EE6FCE2061CCBC0084553E /* Extensions.swift */,
				B678B2952096BD260066BF96 /* Constants.swift */,
				B6B814092061EF120093066F /* Controllers */,
				B6CAFD032060C73C0085939C /* Main.storyboard */,
				B6CAFD062060C73C0085939C /* Assets.xcassets */,
				B6CAFD082060C73C0085939C /* LaunchScreen.storyboard */,
				B6CAFD0B2060C73C0085939C /* Info.plist */,
				B6F9DE73207E50660082FC4B /* Model.swift */,
			);
			path = "EDA Aware";
			sourceTree = "<group>";
		};
		B6CAFD112060C7750085939C /* Frameworks */ = {
			isa = PBXGroup;
			children = (
				B6CAFD122060C7870085939C /* EmpaLink-ios-0.7-full.framework */,
				EBB706B2F6206394CA26F11A /* Pods_EDA_Aware.framework */,
			);
			path = Frameworks;
			sourceTree = "<group>";
		};
		B6F9DE75207E59480082FC4B /* Drawer */ = {
			isa = PBXGroup;
			children = (
				B6F9DE7A207E5A100082FC4B /* DrawerCell.swift */,
				B6F9DE7B207E5A100082FC4B /* DrawerCell.xib */,
				B6F9DE77207E595D0082FC4B /* DrawerProtocol.swift */,
				B6F9DE76207E595D0082FC4B /* DrawerView.swift */,
			);
			path = Drawer;
			sourceTree = "<group>";
		};
		FA980DF791C40F33CA950552 /* Pods */ = {
			isa = PBXGroup;
			children = (
				44F6303FDB3B9927EBF0B8ED /* Pods-EDA Aware.debug.xcconfig */,
				6454A83C81D335BEB7CCD7A9 /* Pods-EDA Aware.release.xcconfig */,
			);
			name = Pods;
			sourceTree = "<group>";
		};
/* End PBXGroup section */

/* Begin PBXNativeTarget section */
		B6CAFCFB2060C73C0085939C /* EDA Aware */ = {
			isa = PBXNativeTarget;
			buildConfigurationList = B6CAFD0E2060C73C0085939C /* Build configuration list for PBXNativeTarget "EDA Aware" */;
			buildPhases = (
				4D23A1D766D13C42567C5E3B /* [CP] Check Pods Manifest.lock */,
				B6CAFCF82060C73C0085939C /* Sources */,
				B6CAFCF92060C73C0085939C /* Frameworks */,
				B6CAFCFA2060C73C0085939C /* Resources */,
				A222687F2AFD436C3484F4B8 /* [CP] Embed Pods Frameworks */,
			);
			buildRules = (
			);
			dependencies = (
			);
			name = "EDA Aware";
			productName = "EDA Aware";
			productReference = B6CAFCFC2060C73C0085939C /* EDA Aware.app */;
			productType = "com.apple.product-type.application";
		};
/* End PBXNativeTarget section */

/* Begin PBXProject section */
		B6CAFCF42060C73C0085939C /* Project object */ = {
			isa = PBXProject;
			attributes = {
				LastSwiftUpdateCheck = 0920;
				LastUpgradeCheck = 0920;
				ORGANIZATIONNAME = wcaruso;
				TargetAttributes = {
					B6CAFCFB2060C73C0085939C = {
						CreatedOnToolsVersion = 9.2;
						LastSwiftMigration = 0920;
						ProvisioningStyle = Automatic;
						SystemCapabilities = {
							com.apple.BackgroundModes = {
								enabled = 1;
							};
						};
					};
				};
			};
			buildConfigurationList = B6CAFCF72060C73C0085939C /* Build configuration list for PBXProject "EDA Aware" */;
			compatibilityVersion = "Xcode 8.0";
			developmentRegion = en;
			hasScannedForEncodings = 0;
			knownRegions = (
				en,
				Base,
			);
			mainGroup = B6CAFCF32060C73C0085939C;
			productRefGroup = B6CAFCFD2060C73C0085939C /* Products */;
			projectDirPath = "";
			projectRoot = "";
			targets = (
				B6CAFCFB2060C73C0085939C /* EDA Aware */,
			);
		};
/* End PBXProject section */

/* Begin PBXResourcesBuildPhase section */
		B6CAFCFA2060C73C0085939C /* Resources */ = {
			isa = PBXResourcesBuildPhase;
			buildActionMask = 2147483647;
			files = (
				B6F9DE7D207E5A100082FC4B /* DrawerCell.xib in Resources */,
				B6CAFD0A2060C73C0085939C /* LaunchScreen.storyboard in Resources */,
				B6CAFD072060C73C0085939C /* Assets.xcassets in Resources */,
				B6CAFD052060C73C0085939C /* Main.storyboard in Resources */,
			);
			runOnlyForDeploymentPostprocessing = 0;
		};
/* End PBXResourcesBuildPhase section */

/* Begin PBXShellScriptBuildPhase section */
		4D23A1D766D13C42567C5E3B /* [CP] Check Pods Manifest.lock */ = {
			isa = PBXShellScriptBuildPhase;
			buildActionMask = 2147483647;
			files = (
			);
			inputPaths = (
				"${PODS_PODFILE_DIR_PATH}/Podfile.lock",
				"${PODS_ROOT}/Manifest.lock",
			);
			name = "[CP] Check Pods Manifest.lock";
			outputPaths = (
				"$(DERIVED_FILE_DIR)/Pods-EDA Aware-checkManifestLockResult.txt",
			);
			runOnlyForDeploymentPostprocessing = 0;
			shellPath = /bin/sh;
			shellScript = "diff \"${PODS_PODFILE_DIR_PATH}/Podfile.lock\" \"${PODS_ROOT}/Manifest.lock\" > /dev/null\nif [ $? != 0 ] ; then\n    # print error to STDERR\n    echo \"error: The sandbox is not in sync with the Podfile.lock. Run 'pod install' or update your CocoaPods installation.\" >&2\n    exit 1\nfi\n# This output is used by Xcode 'outputs' to avoid re-running this script phase.\necho \"SUCCESS\" > \"${SCRIPT_OUTPUT_FILE_0}\"\n";
			showEnvVarsInLog = 0;
		};
		A222687F2AFD436C3484F4B8 /* [CP] Embed Pods Frameworks */ = {
			isa = PBXShellScriptBuildPhase;
			buildActionMask = 2147483647;
			files = (
			);
			inputPaths = (
				"${SRCROOT}/Pods/Target Support Files/Pods-EDA Aware/Pods-EDA Aware-frameworks.sh",
				"${BUILT_PRODUCTS_DIR}/Charts/Charts.framework",
				"${BUILT_PRODUCTS_DIR}/ScrollableGraphView/ScrollableGraphView.framework",
			);
			name = "[CP] Embed Pods Frameworks";
			outputPaths = (
				"${TARGET_BUILD_DIR}/${FRAMEWORKS_FOLDER_PATH}/Charts.framework",
				"${TARGET_BUILD_DIR}/${FRAMEWORKS_FOLDER_PATH}/ScrollableGraphView.framework",
			);
			runOnlyForDeploymentPostprocessing = 0;
			shellPath = /bin/sh;
			shellScript = "\"${SRCROOT}/Pods/Target Support Files/Pods-EDA Aware/Pods-EDA Aware-frameworks.sh\"\n";
			showEnvVarsInLog = 0;
		};
/* End PBXShellScriptBuildPhase section */

/* Begin PBXSourcesBuildPhase section */
		B6CAFCF82060C73C0085939C /* Sources */ = {
			isa = PBXSourcesBuildPhase;
			buildActionMask = 2147483647;
			files = (
				B678B2922096ACFD0066BF96 /* MainTabBar.swift in Sources */,
				B6F9DE7C207E5A100082FC4B /* DrawerCell.swift in Sources */,
				B6F9DE74207E50660082FC4B /* Model.swift in Sources */,
				B678B2982096C3570066BF96 /* AwareTabBarController.swift in Sources */,
				B678B2962096BD260066BF96 /* Constants.swift in Sources */,
				B6F583F1208A2401006E8C67 /* Surveys.swift in Sources */,
				B6F9DE7F207E62FB0082FC4B /* Journal.swift in Sources */,
				B6F9DE79207E595D0082FC4B /* DrawerProtocol.swift in Sources */,
				B6F9DE72207E4FC70082FC4B /* FullGraphViewController.swift in Sources */,
				B6CAFD022060C73C0085939C /* Activity.swift in Sources */,
				B6F9DE78207E595D0082FC4B /* DrawerView.swift in Sources */,
				B678B2942096B74D0066BF96 /* Circle.swift in Sources */,
				B6EE6FCF2061CCBC0084553E /* Extensions.swift in Sources */,
				B6CAFD002060C73C0085939C /* AppDelegate.swift in Sources */,
				B6F583EF208A23F0006E8C67 /* Help.swift in Sources */,
			);
			runOnlyForDeploymentPostprocessing = 0;
		};
/* End PBXSourcesBuildPhase section */

/* Begin PBXVariantGroup section */
		B6CAFD032060C73C0085939C /* Main.storyboard */ = {
			isa = PBXVariantGroup;
			children = (
				B6CAFD042060C73C0085939C /* Base */,
			);
			name = Main.storyboard;
			sourceTree = "<group>";
		};
		B6CAFD082060C73C0085939C /* LaunchScreen.storyboard */ = {
			isa = PBXVariantGroup;
			children = (
				B6CAFD092060C73C0085939C /* Base */,
			);
			name = LaunchScreen.storyboard;
			sourceTree = "<group>";
		};
/* End PBXVariantGroup section */

/* Begin XCBuildConfiguration section */
		B6CAFD0C2060C73C0085939C /* Debug */ = {
			isa = XCBuildConfiguration;
			buildSettings = {
				ALWAYS_SEARCH_USER_PATHS = NO;
				CLANG_ANALYZER_NONNULL = YES;
				CLANG_ANALYZER_NUMBER_OBJECT_CONVERSION = YES_AGGRESSIVE;
				CLANG_CXX_LANGUAGE_STANDARD = "gnu++14";
				CLANG_CXX_LIBRARY = "libc++";
				CLANG_ENABLE_MODULES = YES;
				CLANG_ENABLE_OBJC_ARC = YES;
				CLANG_WARN_BLOCK_CAPTURE_AUTORELEASING = YES;
				CLANG_WARN_BOOL_CONVERSION = YES;
				CLANG_WARN_COMMA = YES;
				CLANG_WARN_CONSTANT_CONVERSION = YES;
				CLANG_WARN_DIRECT_OBJC_ISA_USAGE = YES_ERROR;
				CLANG_WARN_DOCUMENTATION_COMMENTS = YES;
				CLANG_WARN_EMPTY_BODY = YES;
				CLANG_WARN_ENUM_CONVERSION = YES;
				CLANG_WARN_INFINITE_RECURSION = YES;
				CLANG_WARN_INT_CONVERSION = YES;
				CLANG_WARN_NON_LITERAL_NULL_CONVERSION = YES;
				CLANG_WARN_OBJC_LITERAL_CONVERSION = YES;
				CLANG_WARN_OBJC_ROOT_CLASS = YES_ERROR;
				CLANG_WARN_RANGE_LOOP_ANALYSIS = YES;
				CLANG_WARN_STRICT_PROTOTYPES = YES;
				CLANG_WARN_SUSPICIOUS_MOVE = YES;
				CLANG_WARN_UNGUARDED_AVAILABILITY = YES_AGGRESSIVE;
				CLANG_WARN_UNREACHABLE_CODE = YES;
				CLANG_WARN__DUPLICATE_METHOD_MATCH = YES;
				CODE_SIGN_IDENTITY = "iPhone Developer";
				COPY_PHASE_STRIP = NO;
				DEBUG_INFORMATION_FORMAT = dwarf;
				ENABLE_STRICT_OBJC_MSGSEND = YES;
				ENABLE_TESTABILITY = YES;
				GCC_C_LANGUAGE_STANDARD = gnu11;
				GCC_DYNAMIC_NO_PIC = NO;
				GCC_NO_COMMON_BLOCKS = YES;
				GCC_OPTIMIZATION_LEVEL = 0;
				GCC_PREPROCESSOR_DEFINITIONS = (
					"DEBUG=1",
					"$(inherited)",
				);
				GCC_WARN_64_TO_32_BIT_CONVERSION = YES;
				GCC_WARN_ABOUT_RETURN_TYPE = YES_ERROR;
				GCC_WARN_UNDECLARED_SELECTOR = YES;
				GCC_WARN_UNINITIALIZED_AUTOS = YES_AGGRESSIVE;
				GCC_WARN_UNUSED_FUNCTION = YES;
				GCC_WARN_UNUSED_VARIABLE = YES;
				IPHONEOS_DEPLOYMENT_TARGET = 11.2;
				MTL_ENABLE_DEBUG_INFO = YES;
				ONLY_ACTIVE_ARCH = YES;
				SDKROOT = iphoneos;
				SWIFT_ACTIVE_COMPILATION_CONDITIONS = DEBUG;
				SWIFT_OPTIMIZATION_LEVEL = "-Onone";
			};
			name = Debug;
		};
		B6CAFD0D2060C73C0085939C /* Release */ = {
			isa = XCBuildConfiguration;
			buildSettings = {
				ALWAYS_SEARCH_USER_PATHS = NO;
				CLANG_ANALYZER_NONNULL = YES;
				CLANG_ANALYZER_NUMBER_OBJECT_CONVERSION = YES_AGGRESSIVE;
				CLANG_CXX_LANGUAGE_STANDARD = "gnu++14";
				CLANG_CXX_LIBRARY = "libc++";
				CLANG_ENABLE_MODULES = YES;
				CLANG_ENABLE_OBJC_ARC = YES;
				CLANG_WARN_BLOCK_CAPTURE_AUTORELEASING = YES;
				CLANG_WARN_BOOL_CONVERSION = YES;
				CLANG_WARN_COMMA = YES;
				CLANG_WARN_CONSTANT_CONVERSION = YES;
				CLANG_WARN_DIRECT_OBJC_ISA_USAGE = YES_ERROR;
				CLANG_WARN_DOCUMENTATION_COMMENTS = YES;
				CLANG_WARN_EMPTY_BODY = YES;
				CLANG_WARN_ENUM_CONVERSION = YES;
				CLANG_WARN_INFINITE_RECURSION = YES;
				CLANG_WARN_INT_CONVERSION = YES;
				CLANG_WARN_NON_LITERAL_NULL_CONVERSION = YES;
				CLANG_WARN_OBJC_LITERAL_CONVERSION = YES;
				CLANG_WARN_OBJC_ROOT_CLASS = YES_ERROR;
				CLANG_WARN_RANGE_LOOP_ANALYSIS = YES;
				CLANG_WARN_STRICT_PROTOTYPES = YES;
				CLANG_WARN_SUSPICIOUS_MOVE = YES;
				CLANG_WARN_UNGUARDED_AVAILABILITY = YES_AGGRESSIVE;
				CLANG_WARN_UNREACHABLE_CODE = YES;
				CLANG_WARN__DUPLICATE_METHOD_MATCH = YES;
				CODE_SIGN_IDENTITY = "iPhone Developer";
				COPY_PHASE_STRIP = NO;
				DEBUG_INFORMATION_FORMAT = "dwarf-with-dsym";
				ENABLE_NS_ASSERTIONS = NO;
				ENABLE_STRICT_OBJC_MSGSEND = YES;
				GCC_C_LANGUAGE_STANDARD = gnu11;
				GCC_NO_COMMON_BLOCKS = YES;
				GCC_WARN_64_TO_32_BIT_CONVERSION = YES;
				GCC_WARN_ABOUT_RETURN_TYPE = YES_ERROR;
				GCC_WARN_UNDECLARED_SELECTOR = YES;
				GCC_WARN_UNINITIALIZED_AUTOS = YES_AGGRESSIVE;
				GCC_WARN_UNUSED_FUNCTION = YES;
				GCC_WARN_UNUSED_VARIABLE = YES;
				IPHONEOS_DEPLOYMENT_TARGET = 11.2;
				MTL_ENABLE_DEBUG_INFO = NO;
				SDKROOT = iphoneos;
				SWIFT_OPTIMIZATION_LEVEL = "-Owholemodule";
				VALIDATE_PRODUCT = YES;
			};
			name = Release;
		};
		B6CAFD0F2060C73C0085939C /* Debug */ = {
			isa = XCBuildConfiguration;
			baseConfigurationReference = 44F6303FDB3B9927EBF0B8ED /* Pods-EDA Aware.debug.xcconfig */;
			buildSettings = {
				ASSETCATALOG_COMPILER_APPICON_NAME = AppIcon;
				CLANG_ENABLE_MODULES = YES;
				CODE_SIGN_STYLE = Automatic;
				DEVELOPMENT_TEAM = R96EA2T5KG;
				ENABLE_BITCODE = NO;
				FRAMEWORK_SEARCH_PATHS = (
					"$(inherited)",
					"$(PROJECT_DIR)/Frameworks",
				);
				INFOPLIST_FILE = "EDA Aware/Info.plist";
				LD_RUNPATH_SEARCH_PATHS = "$(inherited) @executable_path/Frameworks";
				PRODUCT_BUNDLE_IDENTIFIER = "com.wcaruso.EDA-Aware";
				PRODUCT_NAME = "$(TARGET_NAME)";
				SWIFT_OBJC_BRIDGING_HEADER = "EDA Aware/EDA Aware-Bridging-Header.h";
				SWIFT_OPTIMIZATION_LEVEL = "-Onone";
				SWIFT_VERSION = 4.0;
				TARGETED_DEVICE_FAMILY = "1,2";
			};
			name = Debug;
		};
		B6CAFD102060C73C0085939C /* Release */ = {
			isa = XCBuildConfiguration;
			baseConfigurationReference = 6454A83C81D335BEB7CCD7A9 /* Pods-EDA Aware.release.xcconfig */;
			buildSettings = {
				ASSETCATALOG_COMPILER_APPICON_NAME = AppIcon;
				CLANG_ENABLE_MODULES = YES;
				CODE_SIGN_STYLE = Automatic;
				DEVELOPMENT_TEAM = R96EA2T5KG;
				ENABLE_BITCODE = NO;
				FRAMEWORK_SEARCH_PATHS = (
					"$(inherited)",
					"$(PROJECT_DIR)/Frameworks",
				);
				INFOPLIST_FILE = "EDA Aware/Info.plist";
				LD_RUNPATH_SEARCH_PATHS = "$(inherited) @executable_path/Frameworks";
				PRODUCT_BUNDLE_IDENTIFIER = "com.wcaruso.EDA-Aware";
				PRODUCT_NAME = "$(TARGET_NAME)";
				SWIFT_OBJC_BRIDGING_HEADER = "EDA Aware/EDA Aware-Bridging-Header.h";
				SWIFT_VERSION = 4.0;
				TARGETED_DEVICE_FAMILY = "1,2";
			};
			name = Release;
		};
/* End XCBuildConfiguration section */

/* Begin XCConfigurationList section */
		B6CAFCF72060C73C0085939C /* Build configuration list for PBXProject "EDA Aware" */ = {
			isa = XCConfigurationList;
			buildConfigurations = (
				B6CAFD0C2060C73C0085939C /* Debug */,
				B6CAFD0D2060C73C0085939C /* Release */,
			);
			defaultConfigurationIsVisible = 0;
			defaultConfigurationName = Release;
		};
		B6CAFD0E2060C73C0085939C /* Build configuration list for PBXNativeTarget "EDA Aware" */ = {
			isa = XCConfigurationList;
			buildConfigurations = (
				B6CAFD0F2060C73C0085939C /* Debug */,
				B6CAFD102060C73C0085939C /* Release */,
			);
			defaultConfigurationIsVisible = 0;
			defaultConfigurationName = Release;
		};
/* End XCConfigurationList section */
	};
	rootObject = B6CAFCF42060C73C0085939C /* Project object */;
}
